
Microsoft Visual Studio Solution File, Format Version 12.00
Project("{FAE04EC0-301F-11D3-BF4B-00C04F79EFBC}") = "ZookeeperSample.LeaderCandidate", "ZookeeperSample.LeaderCandidate\ZookeeperSample.LeaderCandidate.csproj", "{BA28C01A-098C-455B-87F6-B6973D9CCAE7}"
EndProject
Global
	GlobalSection(SolutionConfigurationPlatforms) = preSolution
		Debug|Any CPU = Debug|Any CPU
		Release|Any CPU = Release|Any CPU
	EndGlobalSection
	GlobalSection(ProjectConfigurationPlatforms) = postSolution
		{BA28C01A-098C-455B-87F6-B6973D9CCAE7}.Debug|Any CPU.ActiveCfg = Debug|Any CPU
		{BA28C01A-098C-455B-87F6-B6973D9CCAE7}.Debug|Any CPU.Build.0 = Debug|Any CPU
		{BA28C01A-098C-455B-87F6-B6973D9CCAE7}.Release|Any CPU.ActiveCfg = Release|Any CPU
		{BA28C01A-098C-455B-87F6-B6973D9CCAE7}.Release|Any CPU.Build.0 = Release|Any CPU
	EndGlobalSection
EndGlobal
